{
  "name": "node-starter",
  "version": "0.0.0",
  "lockfileVersion": 2,
  "requires": true,
  "packages": {
    "": {
      "name": "node-starter",
      "version": "0.0.0",
      "dependencies": {
        "simple-color-converter": "^2.1.13"
      }
    },
    "node_modules/color_library": {
      "version": "0.0.2",
      "resolved": "https://registry.npmjs.org/color_library/-/color_library-0.0.2.tgz",
      "integrity": "sha512-qdsir2B3bfOYLvdAiKaMHadulQBPp+1liP+1HK5KbB1mtlklA68xdIoudSWbPYVuWkd+4FOPPONDANnBw9pPbA==",
      "engines": {
        "node": ">= 0.6"
      }
    },
    "node_modules/simple-color-converter": {
      "version": "2.1.13",
      "resolved": "https://registry.npmjs.org/simple-color-converter/-/simple-color-converter-2.1.13.tgz",
      "integrity": "sha512-li2tcrdBH+0eFwSkELUNH8a7YUpuDT3m+PlF2gSMH2vEVfgzkp1aea+HWNWohgJ1no0m2Sxmt4AWnX3kqk9AZw==",
      "dependencies": {
        "color_library": "0.0.2"
      },
      "engines": {
        "node": ">= 0.8"
      }
    }
  },
  "dependencies": {
    "color_library": {
      "version": "0.0.2",
      "resolved": "https://registry.npmjs.org/color_library/-/color_library-0.0.2.tgz",
      "integrity": "sha512-qdsir2B3bfOYLvdAiKaMHadulQBPp+1liP+1HK5KbB1mtlklA68xdIoudSWbPYVuWkd+4FOPPONDANnBw9pPbA=="
    },
    "simple-color-converter": {
      "version": "2.1.13",
      "resolved": "https://registry.npmjs.org/simple-color-converter/-/simple-color-converter-2.1.13.tgz",
      "integrity": "sha512-li2tcrdBH+0eFwSkELUNH8a7YUpuDT3m+PlF2gSMH2vEVfgzkp1aea+HWNWohgJ1no0m2Sxmt4AWnX3kqk9AZw==",
      "requires": {
        "color_library": "0.0.2"
      }
    }
  }
}
